dependencies:
- name: loki
  repository: https://grafana.github.io/helm-charts
  version: 2.16.0
- name: promtail
  repository: https://grafana.github.io/helm-charts
  version: 6.15.5
digest: sha256:607fbf79cc23fa427b2143f9d12d83f59f4732c21ac6565bf1af872a24556ad2
generated: "2024-03-11T22:16:50.116570716Z"
